
Microsoft Visual Studio Solution File, Format Version 12.00
# Visual Studio Version 17
VisualStudioVersion = 17.9.34701.34
MinimumVisualStudioVersion = 10.0.40219.1
Project("{2150E333-8FDC-42A3-9474-1A3956D46DE8}") = "src", "src", "{55C9AD35-0F2E-4CDF-B403-948F489F226F}"
EndProject
Project("{2150E333-8FDC-42A3-9474-1A3956D46DE8}") = "Services", "Services", "{88D13F21-89E4-4587-88EA-7607F4747908}"
EndProject
Project("{2150E333-8FDC-42A3-9474-1A3956D46DE8}") = "Catalog", "Catalog", "{CF6AE2A0-6922-4546-B47B-EF5596920B09}"
EndProject
Project("{FAE04EC0-301F-11D3-BF4B-00C04F79EFBC}") = "CatlogApi", "Services\Catalog\CatlogApi\CatlogApi.csproj", "{B89B1A0B-000A-419A-A416-75D7673BCECD}"
EndProject
Global
	GlobalSection(SolutionConfigurationPlatforms) = preSolution
		Debug|Any CPU = Debug|Any CPU
		Release|Any CPU = Release|Any CPU
	EndGlobalSection
	GlobalSection(ProjectConfigurationPlatforms) = postSolution
		{B89B1A0B-000A-419A-A416-75D7673BCECD}.Debug|Any CPU.ActiveCfg = Debug|Any CPU
		{B89B1A0B-000A-419A-A416-75D7673BCECD}.Debug|Any CPU.Build.0 = Debug|Any CPU
		{B89B1A0B-000A-419A-A416-75D7673BCECD}.Release|Any CPU.ActiveCfg = Release|Any CPU
		{B89B1A0B-000A-419A-A416-75D7673BCECD}.Release|Any CPU.Build.0 = Release|Any CPU
	EndGlobalSection
	GlobalSection(SolutionProperties) = preSolution
		HideSolutionNode = FALSE
	EndGlobalSection
	GlobalSection(NestedProjects) = preSolution
		{88D13F21-89E4-4587-88EA-7607F4747908} = {55C9AD35-0F2E-4CDF-B403-948F489F226F}
		{CF6AE2A0-6922-4546-B47B-EF5596920B09} = {88D13F21-89E4-4587-88EA-7607F4747908}
		{B89B1A0B-000A-419A-A416-75D7673BCECD} = {CF6AE2A0-6922-4546-B47B-EF5596920B09}
	EndGlobalSection
	GlobalSection(ExtensibilityGlobals) = postSolution
		SolutionGuid = {32B54719-B0AC-4EB5-B47B-10470D43F5E4}
	EndGlobalSection
EndGlobal
